
Microsoft Visual Studio Solution File, Format Version 12.00
# Visual Studio Version 16
VisualStudioVersion = 25.0.1706.6
MinimumVisualStudioVersion = 10.0.40219.1
Project("{FAE04EC0-301F-11D3-BF4B-00C04F79EFBC}") = "Api", "Api\Api.csproj", "{5FC88620-84DD-45F4-B676-0275C5EFF5BD}"
EndProject
Project("{2150E333-8FDC-42A3-9474-1A3956D46DE8}") = "Solution Items", "Solution Items", "{CE909121-2DC9-41E5-AD67-9880A72C40BE}"
	ProjectSection(SolutionItems) = preProject
		.editorconfig = .editorconfig
	EndProjectSection
EndProject
Project("{FAE04EC0-301F-11D3-BF4B-00C04F79EFBC}") = "Domain", "Domain\Domain.csproj", "{5A503894-A622-4CD1-B436-AF0DA52C88CA}"
EndProject
Project("{FAE04EC0-301F-11D3-BF4B-00C04F79EFBC}") = "Tests", "Tests\Tests.csproj", "{DE3ABE8E-ABD5-4836-9BF2-595B54823151}"
EndProject
Project("{FAE04EC0-301F-11D3-BF4B-00C04F79EFBC}") = "Infrastructure", "Infrastructure\Infrastructure.csproj", "{388C26C7-5F7A-4335-8442-6286BCE61468}"
EndProject
Project("{FAE04EC0-301F-11D3-BF4B-00C04F79EFBC}") = "Application", "Application\Application.csproj", "{21E6E74F-638D-44D7-A660-57F85AABFB71}"
EndProject
Project("{FAE04EC0-301F-11D3-BF4B-00C04F79EFBC}") = "Presentation", "Presentation\Presentation.csproj", "{9C503300-5A9D-47C7-921B-CF91A828CDE5}"
EndProject
Global
	GlobalSection(SolutionConfigurationPlatforms) = preSolution
		Debug|Any CPU = Debug|Any CPU
		Debug|x64 = Debug|x64
		Debug|x86 = Debug|x86
		Release|Any CPU = Release|Any CPU
		Release|x64 = Release|x64
		Release|x86 = Release|x86
	EndGlobalSection
	GlobalSection(ProjectConfigurationPlatforms) = postSolution
		{5FC88620-84DD-45F4-B676-0275C5EFF5BD}.Debug|Any CPU.ActiveCfg = Debug|Any CPU
		{5FC88620-84DD-45F4-B676-0275C5EFF5BD}.Debug|Any CPU.Build.0 = Debug|Any CPU
		{5FC88620-84DD-45F4-B676-0275C5EFF5BD}.Debug|x64.ActiveCfg = Debug|Any CPU
		{5FC88620-84DD-45F4-B676-0275C5EFF5BD}.Debug|x64.Build.0 = Debug|Any CPU
		{5FC88620-84DD-45F4-B676-0275C5EFF5BD}.Debug|x86.ActiveCfg = Debug|Any CPU
		{5FC88620-84DD-45F4-B676-0275C5EFF5BD}.Debug|x86.Build.0 = Debug|Any CPU
		{5FC88620-84DD-45F4-B676-0275C5EFF5BD}.Release|Any CPU.ActiveCfg = Release|Any CPU
		{5FC88620-84DD-45F4-B676-0275C5EFF5BD}.Release|Any CPU.Build.0 = Release|Any CPU
		{5FC88620-84DD-45F4-B676-0275C5EFF5BD}.Release|x64.ActiveCfg = Release|Any CPU
		{5FC88620-84DD-45F4-B676-0275C5EFF5BD}.Release|x64.Build.0 = Release|Any CPU
		{5FC88620-84DD-45F4-B676-0275C5EFF5BD}.Release|x86.ActiveCfg = Release|Any CPU
		{5FC88620-84DD-45F4-B676-0275C5EFF5BD}.Release|x86.Build.0 = Release|Any CPU
		{5A503894-A622-4CD1-B436-AF0DA52C88CA}.Debug|Any CPU.ActiveCfg = Debug|Any CPU
		{5A503894-A622-4CD1-B436-AF0DA52C88CA}.Debug|Any CPU.Build.0 = Debug|Any CPU
		{5A503894-A622-4CD1-B436-AF0DA52C88CA}.Debug|x64.ActiveCfg = Debug|Any CPU
		{5A503894-A622-4CD1-B436-AF0DA52C88CA}.Debug|x64.Build.0 = Debug|Any CPU
		{5A503894-A622-4CD1-B436-AF0DA52C88CA}.Debug|x86.ActiveCfg = Debug|Any CPU
		{5A503894-A622-4CD1-B436-AF0DA52C88CA}.Debug|x86.Build.0 = Debug|Any CPU
		{5A503894-A622-4CD1-B436-AF0DA52C88CA}.Release|Any CPU.ActiveCfg = Release|Any CPU
		{5A503894-A622-4CD1-B436-AF0DA52C88CA}.Release|Any CPU.Build.0 = Release|Any CPU
		{5A503894-A622-4CD1-B436-AF0DA52C88CA}.Release|x64.ActiveCfg = Release|Any CPU
		{5A503894-A622-4CD1-B436-AF0DA52C88CA}.Release|x64.Build.0 = Release|Any CPU
		{5A503894-A622-4CD1-B436-AF0DA52C88CA}.Release|x86.ActiveCfg = Release|Any CPU
		{5A503894-A622-4CD1-B436-AF0DA52C88CA}.Release|x86.Build.0 = Release|Any CPU
		{DE3ABE8E-ABD5-4836-9BF2-595B54823151}.Debug|Any CPU.ActiveCfg = Debug|Any CPU
		{DE3ABE8E-ABD5-4836-9BF2-595B54823151}.Debug|Any CPU.Build.0 = Debug|Any CPU
		{DE3ABE8E-ABD5-4836-9BF2-595B54823151}.Debug|x64.ActiveCfg = Debug|Any CPU
		{DE3ABE8E-ABD5-4836-9BF2-595B54823151}.Debug|x64.Build.0 = Debug|Any CPU
		{DE3ABE8E-ABD5-4836-9BF2-595B54823151}.Debug|x86.ActiveCfg = Debug|Any CPU
		{DE3ABE8E-ABD5-4836-9BF2-595B54823151}.Debug|x86.Build.0 = Debug|Any CPU
		{DE3ABE8E-ABD5-4836-9BF2-595B54823151}.Release|Any CPU.ActiveCfg = Release|Any CPU
		{DE3ABE8E-ABD5-4836-9BF2-595B54823151}.Release|Any CPU.Build.0 = Release|Any CPU
		{DE3ABE8E-ABD5-4836-9BF2-595B54823151}.Release|x64.ActiveCfg = Release|Any CPU
		{DE3ABE8E-ABD5-4836-9BF2-595B54823151}.Release|x64.Build.0 = Release|Any CPU
		{DE3ABE8E-ABD5-4836-9BF2-595B54823151}.Release|x86.ActiveCfg = Release|Any CPU
		{DE3ABE8E-ABD5-4836-9BF2-595B54823151}.Release|x86.Build.0 = Release|Any CPU
		{388C26C7-5F7A-4335-8442-6286BCE61468}.Debug|Any CPU.ActiveCfg = Debug|Any CPU
		{388C26C7-5F7A-4335-8442-6286BCE61468}.Debug|Any CPU.Build.0 = Debug|Any CPU
		{388C26C7-5F7A-4335-8442-6286BCE61468}.Debug|x64.ActiveCfg = Debug|Any CPU
		{388C26C7-5F7A-4335-8442-6286BCE61468}.Debug|x64.Build.0 = Debug|Any CPU
		{388C26C7-5F7A-4335-8442-6286BCE61468}.Debug|x86.ActiveCfg = Debug|Any CPU
		{388C26C7-5F7A-4335-8442-6286BCE61468}.Debug|x86.Build.0 = Debug|Any CPU
		{388C26C7-5F7A-4335-8442-6286BCE61468}.Release|Any CPU.ActiveCfg = Release|Any CPU
		{388C26C7-5F7A-4335-8442-6286BCE61468}.Release|Any CPU.Build.0 = Release|Any CPU
		{388C26C7-5F7A-4335-8442-6286BCE61468}.Release|x64.ActiveCfg = Release|Any CPU
		{388C26C7-5F7A-4335-8442-6286BCE61468}.Release|x64.Build.0 = Release|Any CPU
		{388C26C7-5F7A-4335-8442-6286BCE61468}.Release|x86.ActiveCfg = Release|Any CPU
		{388C26C7-5F7A-4335-8442-6286BCE61468}.Release|x86.Build.0 = Release|Any CPU
		{21E6E74F-638D-44D7-A660-57F85AABFB71}.Debug|Any CPU.ActiveCfg = Debug|Any CPU
		{21E6E74F-638D-44D7-A660-57F85AABFB71}.Debug|Any CPU.Build.0 = Debug|Any CPU
		{21E6E74F-638D-44D7-A660-57F85AABFB71}.Debug|x64.ActiveCfg = Debug|Any CPU
		{21E6E74F-638D-44D7-A660-57F85AABFB71}.Debug|x64.Build.0 = Debug|Any CPU
		{21E6E74F-638D-44D7-A660-57F85AABFB71}.Debug|x86.ActiveCfg = Debug|Any CPU
		{21E6E74F-638D-44D7-A660-57F85AABFB71}.Debug|x86.Build.0 = Debug|Any CPU
		{21E6E74F-638D-44D7-A660-57F85AABFB71}.Release|Any CPU.ActiveCfg = Release|Any CPU
		{21E6E74F-638D-44D7-A660-57F85AABFB71}.Release|Any CPU.Build.0 = Release|Any CPU
		{21E6E74F-638D-44D7-A660-57F85AABFB71}.Release|x64.ActiveCfg = Release|Any CPU
		{21E6E74F-638D-44D7-A660-57F85AABFB71}.Release|x64.Build.0 = Release|Any CPU
		{21E6E74F-638D-44D7-A660-57F85AABFB71}.Release|x86.ActiveCfg = Release|Any CPU
		{21E6E74F-638D-44D7-A660-57F85AABFB71}.Release|x86.Build.0 = Release|Any CPU
		{9C503300-5A9D-47C7-921B-CF91A828CDE5}.Debug|Any CPU.ActiveCfg = Debug|Any CPU
		{9C503300-5A9D-47C7-921B-CF91A828CDE5}.Debug|Any CPU.Build.0 = Debug|Any CPU
		{9C503300-5A9D-47C7-921B-CF91A828CDE5}.Debug|x64.ActiveCfg = Debug|Any CPU
		{9C503300-5A9D-47C7-921B-CF91A828CDE5}.Debug|x64.Build.0 = Debug|Any CPU
		{9C503300-5A9D-47C7-921B-CF91A828CDE5}.Debug|x86.ActiveCfg = Debug|Any CPU
		{9C503300-5A9D-47C7-921B-CF91A828CDE5}.Debug|x86.Build.0 = Debug|Any CPU
		{9C503300-5A9D-47C7-921B-CF91A828CDE5}.Release|Any CPU.ActiveCfg = Release|Any CPU
		{9C503300-5A9D-47C7-921B-CF91A828CDE5}.Release|Any CPU.Build.0 = Release|Any CPU
		{9C503300-5A9D-47C7-921B-CF91A828CDE5}.Release|x64.ActiveCfg = Release|Any CPU
		{9C503300-5A9D-47C7-921B-CF91A828CDE5}.Release|x64.Build.0 = Release|Any CPU
		{9C503300-5A9D-47C7-921B-CF91A828CDE5}.Release|x86.ActiveCfg = Release|Any CPU
		{9C503300-5A9D-47C7-921B-CF91A828CDE5}.Release|x86.Build.0 = Release|Any CPU
	EndGlobalSection
	GlobalSection(SolutionProperties) = preSolution
		HideSolutionNode = FALSE
	EndGlobalSection
	GlobalSection(ExtensibilityGlobals) = postSolution
		SolutionGuid = {3D7653C3-234C-4004-A3D8-093F6759FF80}
	EndGlobalSection
EndGlobal
